
Microsoft Visual Studio Solution File, Format Version 12.00
# Visual Studio Version 17
VisualStudioVersion = 17.4.33205.214
MinimumVisualStudioVersion = 10.0.40219.1
Project("{2150E333-8FDC-42A3-9474-1A3956D46DE8}") = "Database", "Database", "{79F4312F-A1E7-49E1-8A47-0ADB8AD5C780}"
EndProject
Project("{2150E333-8FDC-42A3-9474-1A3956D46DE8}") = "Scripts", "Scripts", "{C7A1AA9A-3F5B-444C-A96C-5EEC5232FDC2}"
EndProject
Project("{9A19103F-16F7-4668-BE54-9A1E7A4F7556}") = "SmartKeyCaddy.Api", "SmartKeyCaddy.Api\SmartKeyCaddy.Api.csproj", "{EA1CA619-FD1B-41B7-B855-ACCCF2BE3504}"
EndProject
Project("{9A19103F-16F7-4668-BE54-9A1E7A4F7556}") = "SmartKeyCaddy.Common", "SmartKeyCaddy.Common\SmartKeyCaddy.Common.csproj", "{15063ABA-744E-43EF-8CE6-39F7EB12D390}"
EndProject
Project("{9A19103F-16F7-4668-BE54-9A1E7A4F7556}") = "SmartKeyCaddy.Domain", "SmartKeyCaddy.Domain\SmartKeyCaddy.Domain.csproj", "{FE6799FD-0963-4DC5-B0F9-015A613FBD8E}"
EndProject
Project("{9A19103F-16F7-4668-BE54-9A1E7A4F7556}") = "SmartKeyCaddy.Models", "SmartKeyCaddy.Models\SmartKeyCaddy.Models.csproj", "{5449829A-BCF9-4CBD-B94E-CAE230411AF6}"
EndProject
Project("{9A19103F-16F7-4668-BE54-9A1E7A4F7556}") = "SmartKeyCaddy.Repository", "SmartKeyCaddy.Repository\SmartKeyCaddy.Repository.csproj", "{0FC36022-9CE5-4D47-BFBF-2CBCF5B3E1C4}"
EndProject
Project("{9A19103F-16F7-4668-BE54-9A1E7A4F7556}") = "SmartKeyCaddy.Tests", "SmartKeyCaddy.Tests\SmartKeyCaddy.Tests.csproj", "{89D22111-B7CC-49DC-94E5-FB506809C18B}"
EndProject
Project("{9A19103F-16F7-4668-BE54-9A1E7A4F7556}") = "SmartKeyCaddy.FunctionApp", "SmartKeyCaddy.FunctionApp\SmartKeyCaddy.FunctionApp.csproj", "{97D97B70-0318-4D15-BDEB-F8E456609DED}"
EndProject
Project("{2150E333-8FDC-42A3-9474-1A3956D46DE8}") = "Workflows", "Workflows", "{2613EE99-9DE3-4690-9548-F5EC4196478A}"
	ProjectSection(SolutionItems) = preProject
		.github\workflows\api-dev.yml = .github\workflows\api-dev.yml
		.github\workflows\api-prod.yml = .github\workflows\api-prod.yml
	EndProjectSection
EndProject
Project("{2150E333-8FDC-42A3-9474-1A3956D46DE8}") = "OfflineCode", "OfflineCode", "{01C23A00-613C-4200-9D8B-9DA8B08CC7B3}"
	ProjectSection(SolutionItems) = preProject
		DbScript.sql = DbScript.sql
	EndProjectSection
EndProject
Global
	GlobalSection(SolutionConfigurationPlatforms) = preSolution
		Debug|Any CPU = Debug|Any CPU
		Release|Any CPU = Release|Any CPU
	EndGlobalSection
	GlobalSection(ProjectConfigurationPlatforms) = postSolution
		{EA1CA619-FD1B-41B7-B855-ACCCF2BE3504}.Debug|Any CPU.ActiveCfg = Debug|Any CPU
		{EA1CA619-FD1B-41B7-B855-ACCCF2BE3504}.Debug|Any CPU.Build.0 = Debug|Any CPU
		{EA1CA619-FD1B-41B7-B855-ACCCF2BE3504}.Release|Any CPU.ActiveCfg = Release|Any CPU
		{EA1CA619-FD1B-41B7-B855-ACCCF2BE3504}.Release|Any CPU.Build.0 = Release|Any CPU
		{15063ABA-744E-43EF-8CE6-39F7EB12D390}.Debug|Any CPU.ActiveCfg = Debug|Any CPU
		{15063ABA-744E-43EF-8CE6-39F7EB12D390}.Debug|Any CPU.Build.0 = Debug|Any CPU
		{15063ABA-744E-43EF-8CE6-39F7EB12D390}.Release|Any CPU.ActiveCfg = Release|Any CPU
		{15063ABA-744E-43EF-8CE6-39F7EB12D390}.Release|Any CPU.Build.0 = Release|Any CPU
		{FE6799FD-0963-4DC5-B0F9-015A613FBD8E}.Debug|Any CPU.ActiveCfg = Debug|Any CPU
		{FE6799FD-0963-4DC5-B0F9-015A613FBD8E}.Debug|Any CPU.Build.0 = Debug|Any CPU
		{FE6799FD-0963-4DC5-B0F9-015A613FBD8E}.Release|Any CPU.ActiveCfg = Release|Any CPU
		{FE6799FD-0963-4DC5-B0F9-015A613FBD8E}.Release|Any CPU.Build.0 = Release|Any CPU
		{5449829A-BCF9-4CBD-B94E-CAE230411AF6}.Debug|Any CPU.ActiveCfg = Debug|Any CPU
		{5449829A-BCF9-4CBD-B94E-CAE230411AF6}.Debug|Any CPU.Build.0 = Debug|Any CPU
		{5449829A-BCF9-4CBD-B94E-CAE230411AF6}.Release|Any CPU.ActiveCfg = Release|Any CPU
		{5449829A-BCF9-4CBD-B94E-CAE230411AF6}.Release|Any CPU.Build.0 = Release|Any CPU
		{0FC36022-9CE5-4D47-BFBF-2CBCF5B3E1C4}.Debug|Any CPU.ActiveCfg = Debug|Any CPU
		{0FC36022-9CE5-4D47-BFBF-2CBCF5B3E1C4}.Debug|Any CPU.Build.0 = Debug|Any CPU
		{0FC36022-9CE5-4D47-BFBF-2CBCF5B3E1C4}.Release|Any CPU.ActiveCfg = Release|Any CPU
		{0FC36022-9CE5-4D47-BFBF-2CBCF5B3E1C4}.Release|Any CPU.Build.0 = Release|Any CPU
		{89D22111-B7CC-49DC-94E5-FB506809C18B}.Debug|Any CPU.ActiveCfg = Debug|Any CPU
		{89D22111-B7CC-49DC-94E5-FB506809C18B}.Debug|Any CPU.Build.0 = Debug|Any CPU
		{89D22111-B7CC-49DC-94E5-FB506809C18B}.Release|Any CPU.ActiveCfg = Release|Any CPU
		{89D22111-B7CC-49DC-94E5-FB506809C18B}.Release|Any CPU.Build.0 = Release|Any CPU
		{97D97B70-0318-4D15-BDEB-F8E456609DED}.Debug|Any CPU.ActiveCfg = Debug|Any CPU
		{97D97B70-0318-4D15-BDEB-F8E456609DED}.Debug|Any CPU.Build.0 = Debug|Any CPU
		{97D97B70-0318-4D15-BDEB-F8E456609DED}.Release|Any CPU.ActiveCfg = Release|Any CPU
		{97D97B70-0318-4D15-BDEB-F8E456609DED}.Release|Any CPU.Build.0 = Release|Any CPU
	EndGlobalSection
	GlobalSection(SolutionProperties) = preSolution
		HideSolutionNode = FALSE
	EndGlobalSection
	GlobalSection(NestedProjects) = preSolution
		{C7A1AA9A-3F5B-444C-A96C-5EEC5232FDC2} = {79F4312F-A1E7-49E1-8A47-0ADB8AD5C780}
		{01C23A00-613C-4200-9D8B-9DA8B08CC7B3} = {C7A1AA9A-3F5B-444C-A96C-5EEC5232FDC2}
	EndGlobalSection
	GlobalSection(ExtensibilityGlobals) = postSolution
		SolutionGuid = {F90E71B2-7292-49B7-8549-BBA79E118233}
	EndGlobalSection
EndGlobal
